<?xml version="1.0" encoding="utf-8"?>
<Project ToolsVersion="4.0" xmlns="http://schemas.microsoft.com/developer/msbuild/2003">
  <ItemGroup>
    <Filter Include="Resource Files">
      <UniqueIdentifier>{67DA6AB6-F800-4c08-8B7A-83BB121AAD01}</UniqueIdentifier>
      <Extensions>rc;ico;cur;bmp;dlg;rc2;rct;bin;rgs;gif;jpg;jpeg;jpe;resx;tiff;tif;png;wav;mfcribbon-ms</Extensions>
    </Filter>
    <Filter Include="Board">
      <UniqueIdentifier>{e768c7db-5a82-488f-b9ee-cbead5c06c83}</UniqueIdentifier>
    </Filter>
    <Filter Include="Pieces">
      <UniqueIdentifier>{93995380-89BD-4b04-88EB-625FBE52EBFB}</UniqueIdentifier>
      <Extensions>h;hh;hpp;hxx;h++;hm;inl;inc;ipp;xsd</Extensions>
    </Filter>
    <Filter Include="main">
      <UniqueIdentifier>{4FC737F1-C7A5-4376-A066-2A32D752A2FF}</UniqueIdentifier>
      <Extensions>cpp;c;cc;cxx;c++;cppm;ixx;def;odl;idl;hpj;bat;asm;asmx</Extensions>
    </Filter>
    <Filter Include="ChessSDL">
      <UniqueIdentifier>{b4a6f9cf-a0f7-4d57-a28c-cb54a82e51f8}</UniqueIdentifier>
    </Filter>
  </ItemGroup>
  <ItemGroup>
    <ClCompile Include="main.cpp">
      <Filter>main</Filter>
    </ClCompile>
    <ClCompile Include="Board.cpp">
      <Filter>Board</Filter>
    </ClCompile>
    <ClCompile Include="Bishop.cpp">
      <Filter>Pieces</Filter>
    </ClCompile>
    <ClCompile Include="King.cpp">
      <Filter>Pieces</Filter>
    </ClCompile>
    <ClCompile Include="Knight.cpp">
      <Filter>Pieces</Filter>
    </ClCompile>
    <ClCompile Include="Pawn.cpp">
      <Filter>Pieces</Filter>
    </ClCompile>
    <ClCompile Include="Queen.cpp">
      <Filter>Pieces</Filter>
    </ClCompile>
    <ClCompile Include="Rook.cpp">
      <Filter>Pieces</Filter>
    </ClCompile>
    <ClCompile Include="ChessSDL.cpp">
      <Filter>ChessSDL</Filter>
    </ClCompile>
  </ItemGroup>
  <ItemGroup>
    <ClInclude Include="Bishop.h">
      <Filter>Pieces</Filter>
    </ClInclude>
    <ClInclude Include="King.h">
      <Filter>Pieces</Filter>
    </ClInclude>
    <ClInclude Include="Knight.h">
      <Filter>Pieces</Filter>
    </ClInclude>
    <ClInclude Include="Pawn.h">
      <Filter>Pieces</Filter>
    </ClInclude>
    <ClInclude Include="Piece.h">
      <Filter>Pieces</Filter>
    </ClInclude>
    <ClInclude Include="Queen.h">
      <Filter>Pieces</Filter>
    </ClInclude>
    <ClInclude Include="Rook.h">
      <Filter>Pieces</Filter>
    </ClInclude>
    <ClInclude Include="Board.h">
      <Filter>Board</Filter>
    </ClInclude>
    <ClInclude Include="ChessSDL.h">
      <Filter>ChessSDL</Filter>
    </ClInclude>
  </ItemGroup>
</Project>